
Microsoft Visual Studio Solution File, Format Version 12.00
# Visual Studio Version 16
VisualStudioVersion = 16.0.29519.87
MinimumVisualStudioVersion = 10.0.40219.1
Project("{FAE04EC0-301F-11D3-BF4B-00C04F79EFBC}") = "SBFCT-API", "SBFCT-API\SBFCT-API.csproj", "{ADAC05DE-7F85-4ACD-9B96-476DD2AABFC7}"
EndProject
Global
	GlobalSection(SolutionConfigurationPlatforms) = preSolution
		Debug|Any CPU = Debug|Any CPU
		Release|Any CPU = Release|Any CPU
	EndGlobalSection
	GlobalSection(ProjectConfigurationPlatforms) = postSolution
		{ADAC05DE-7F85-4ACD-9B96-476DD2AABFC7}.Debug|Any CPU.ActiveCfg = Debug|Any CPU
		{ADAC05DE-7F85-4ACD-9B96-476DD2AABFC7}.Debug|Any CPU.Build.0 = Debug|Any CPU
		{ADAC05DE-7F85-4ACD-9B96-476DD2AABFC7}.Release|Any CPU.ActiveCfg = Release|Any CPU
		{ADAC05DE-7F85-4ACD-9B96-476DD2AABFC7}.Release|Any CPU.Build.0 = Release|Any CPU
	EndGlobalSection
	GlobalSection(SolutionProperties) = preSolution
		HideSolutionNode = FALSE
	EndGlobalSection
	GlobalSection(ExtensibilityGlobals) = postSolution
		SolutionGuid = {42472656-3C95-413C-B949-9CAD6383E435}
	EndGlobalSection
EndGlobal
